
Microsoft Visual Studio Solution File, Format Version 12.00
# Visual Studio Version 17
VisualStudioVersion = 17.0.31903.59
MinimumVisualStudioVersion = 10.0.40219.1
Project("{9A19103F-16F7-4668-BE54-9A1E7A4F7556}") = "DualDrill.Server", "DualDrill.Server\DualDrill.Server.csproj", "{158B5D6E-4080-439F-AFFA-2859AC625BEA}"
EndProject
Project("{54A90642-561A-4BB1-A94E-469ADEE60C69}") = "DualDrill.JS", "DualDrill.JS\DualDrill.JS.esproj", "{96A0AA95-6474-41DC-ACB9-9C2F3D34097E}"
EndProject
Project("{9A19103F-16F7-4668-BE54-9A1E7A4F7556}") = "DualDrill.Engine", "DualDrill.Engine\DualDrill.Engine.csproj", "{CD5B7346-7767-48CE-91C4-53FB2C063D00}"
EndProject
Project("{9A19103F-16F7-4668-BE54-9A1E7A4F7556}") = "DualDrill.Common", "DualDrill.Common\DualDrill.Common.csproj", "{8561C01E-FC29-4DE6-BA11-2552D496ECC0}"
EndProject
Project("{9A19103F-16F7-4668-BE54-9A1E7A4F7556}") = "DualDrill.Graphics", "DualDrill.Graphics\DualDrill.Graphics.csproj", "{02F0E2DB-383C-42EA-BE63-2CC582CB672E}"
EndProject
Project("{9A19103F-16F7-4668-BE54-9A1E7A4F7556}") = "DualDrill.Client.Abstraction", "DualDrill.Client.Abstraction\DualDrill.Client.Abstraction.csproj", "{8AACAB59-2E3E-4047-A0EF-5C9CD601A36F}"
EndProject
Project("{9A19103F-16F7-4668-BE54-9A1E7A4F7556}") = "DualDrill.Common.Abstraction", "DualDrill.Common.Abstraction\DualDrill.Common.Abstraction.csproj", "{F1F1E10F-665F-4A84-8B4E-96B28170FD6A}"
EndProject
Project("{9A19103F-16F7-4668-BE54-9A1E7A4F7556}") = "DualDrill.WebView", "DualDrill.WebView\DualDrill.WebView.csproj", "{12053700-00C9-465B-8BC3-C8E3B7409064}"
EndProject
Project("{9A19103F-16F7-4668-BE54-9A1E7A4F7556}") = "DualDrill.ILSL", "DualDrill.ILSL\DualDrill.ILSL.csproj", "{0E1F375B-1EFC-49E8-A775-2657F4FF5B39}"
EndProject
Global
	GlobalSection(SolutionConfigurationPlatforms) = preSolution
		Debug|Any CPU = Debug|Any CPU
		Debug|x64 = Debug|x64
		Release|Any CPU = Release|Any CPU
		Release|x64 = Release|x64
	EndGlobalSection
	GlobalSection(ProjectConfigurationPlatforms) = postSolution
		{158B5D6E-4080-439F-AFFA-2859AC625BEA}.Debug|Any CPU.ActiveCfg = Debug|Any CPU
		{158B5D6E-4080-439F-AFFA-2859AC625BEA}.Debug|Any CPU.Build.0 = Debug|Any CPU
		{158B5D6E-4080-439F-AFFA-2859AC625BEA}.Debug|x64.ActiveCfg = Debug|Any CPU
		{158B5D6E-4080-439F-AFFA-2859AC625BEA}.Debug|x64.Build.0 = Debug|Any CPU
		{158B5D6E-4080-439F-AFFA-2859AC625BEA}.Release|Any CPU.ActiveCfg = Release|Any CPU
		{158B5D6E-4080-439F-AFFA-2859AC625BEA}.Release|Any CPU.Build.0 = Release|Any CPU
		{158B5D6E-4080-439F-AFFA-2859AC625BEA}.Release|x64.ActiveCfg = Release|Any CPU
		{158B5D6E-4080-439F-AFFA-2859AC625BEA}.Release|x64.Build.0 = Release|Any CPU
		{96A0AA95-6474-41DC-ACB9-9C2F3D34097E}.Debug|Any CPU.ActiveCfg = Debug|Any CPU
		{96A0AA95-6474-41DC-ACB9-9C2F3D34097E}.Debug|Any CPU.Build.0 = Debug|Any CPU
		{96A0AA95-6474-41DC-ACB9-9C2F3D34097E}.Debug|Any CPU.Deploy.0 = Debug|Any CPU
		{96A0AA95-6474-41DC-ACB9-9C2F3D34097E}.Debug|x64.ActiveCfg = Debug|Any CPU
		{96A0AA95-6474-41DC-ACB9-9C2F3D34097E}.Debug|x64.Build.0 = Debug|Any CPU
		{96A0AA95-6474-41DC-ACB9-9C2F3D34097E}.Debug|x64.Deploy.0 = Debug|Any CPU
		{96A0AA95-6474-41DC-ACB9-9C2F3D34097E}.Release|Any CPU.ActiveCfg = Release|Any CPU
		{96A0AA95-6474-41DC-ACB9-9C2F3D34097E}.Release|Any CPU.Build.0 = Release|Any CPU
		{96A0AA95-6474-41DC-ACB9-9C2F3D34097E}.Release|Any CPU.Deploy.0 = Release|Any CPU
		{96A0AA95-6474-41DC-ACB9-9C2F3D34097E}.Release|x64.ActiveCfg = Release|Any CPU
		{96A0AA95-6474-41DC-ACB9-9C2F3D34097E}.Release|x64.Build.0 = Release|Any CPU
		{96A0AA95-6474-41DC-ACB9-9C2F3D34097E}.Release|x64.Deploy.0 = Release|Any CPU
		{CD5B7346-7767-48CE-91C4-53FB2C063D00}.Debug|Any CPU.ActiveCfg = Debug|Any CPU
		{CD5B7346-7767-48CE-91C4-53FB2C063D00}.Debug|Any CPU.Build.0 = Debug|Any CPU
		{CD5B7346-7767-48CE-91C4-53FB2C063D00}.Debug|x64.ActiveCfg = Debug|Any CPU
		{CD5B7346-7767-48CE-91C4-53FB2C063D00}.Debug|x64.Build.0 = Debug|Any CPU
		{CD5B7346-7767-48CE-91C4-53FB2C063D00}.Release|Any CPU.ActiveCfg = Release|Any CPU
		{CD5B7346-7767-48CE-91C4-53FB2C063D00}.Release|Any CPU.Build.0 = Release|Any CPU
		{CD5B7346-7767-48CE-91C4-53FB2C063D00}.Release|x64.ActiveCfg = Release|Any CPU
		{CD5B7346-7767-48CE-91C4-53FB2C063D00}.Release|x64.Build.0 = Release|Any CPU
		{8561C01E-FC29-4DE6-BA11-2552D496ECC0}.Debug|Any CPU.ActiveCfg = Debug|Any CPU
		{8561C01E-FC29-4DE6-BA11-2552D496ECC0}.Debug|Any CPU.Build.0 = Debug|Any CPU
		{8561C01E-FC29-4DE6-BA11-2552D496ECC0}.Debug|x64.ActiveCfg = Debug|Any CPU
		{8561C01E-FC29-4DE6-BA11-2552D496ECC0}.Debug|x64.Build.0 = Debug|Any CPU
		{8561C01E-FC29-4DE6-BA11-2552D496ECC0}.Release|Any CPU.ActiveCfg = Release|Any CPU
		{8561C01E-FC29-4DE6-BA11-2552D496ECC0}.Release|Any CPU.Build.0 = Release|Any CPU
		{8561C01E-FC29-4DE6-BA11-2552D496ECC0}.Release|x64.ActiveCfg = Release|Any CPU
		{8561C01E-FC29-4DE6-BA11-2552D496ECC0}.Release|x64.Build.0 = Release|Any CPU
		{02F0E2DB-383C-42EA-BE63-2CC582CB672E}.Debug|Any CPU.ActiveCfg = Debug|Any CPU
		{02F0E2DB-383C-42EA-BE63-2CC582CB672E}.Debug|Any CPU.Build.0 = Debug|Any CPU
		{02F0E2DB-383C-42EA-BE63-2CC582CB672E}.Debug|x64.ActiveCfg = Debug|Any CPU
		{02F0E2DB-383C-42EA-BE63-2CC582CB672E}.Debug|x64.Build.0 = Debug|Any CPU
		{02F0E2DB-383C-42EA-BE63-2CC582CB672E}.Release|Any CPU.ActiveCfg = Release|Any CPU
		{02F0E2DB-383C-42EA-BE63-2CC582CB672E}.Release|Any CPU.Build.0 = Release|Any CPU
		{02F0E2DB-383C-42EA-BE63-2CC582CB672E}.Release|x64.ActiveCfg = Release|Any CPU
		{02F0E2DB-383C-42EA-BE63-2CC582CB672E}.Release|x64.Build.0 = Release|Any CPU
		{8AACAB59-2E3E-4047-A0EF-5C9CD601A36F}.Debug|Any CPU.ActiveCfg = Debug|Any CPU
		{8AACAB59-2E3E-4047-A0EF-5C9CD601A36F}.Debug|Any CPU.Build.0 = Debug|Any CPU
		{8AACAB59-2E3E-4047-A0EF-5C9CD601A36F}.Debug|x64.ActiveCfg = Debug|Any CPU
		{8AACAB59-2E3E-4047-A0EF-5C9CD601A36F}.Debug|x64.Build.0 = Debug|Any CPU
		{8AACAB59-2E3E-4047-A0EF-5C9CD601A36F}.Release|Any CPU.ActiveCfg = Release|Any CPU
		{8AACAB59-2E3E-4047-A0EF-5C9CD601A36F}.Release|Any CPU.Build.0 = Release|Any CPU
		{8AACAB59-2E3E-4047-A0EF-5C9CD601A36F}.Release|x64.ActiveCfg = Release|Any CPU
		{8AACAB59-2E3E-4047-A0EF-5C9CD601A36F}.Release|x64.Build.0 = Release|Any CPU
		{F1F1E10F-665F-4A84-8B4E-96B28170FD6A}.Debug|Any CPU.ActiveCfg = Debug|Any CPU
		{F1F1E10F-665F-4A84-8B4E-96B28170FD6A}.Debug|Any CPU.Build.0 = Debug|Any CPU
		{F1F1E10F-665F-4A84-8B4E-96B28170FD6A}.Debug|x64.ActiveCfg = Debug|Any CPU
		{F1F1E10F-665F-4A84-8B4E-96B28170FD6A}.Debug|x64.Build.0 = Debug|Any CPU
		{F1F1E10F-665F-4A84-8B4E-96B28170FD6A}.Release|Any CPU.ActiveCfg = Release|Any CPU
		{F1F1E10F-665F-4A84-8B4E-96B28170FD6A}.Release|Any CPU.Build.0 = Release|Any CPU
		{F1F1E10F-665F-4A84-8B4E-96B28170FD6A}.Release|x64.ActiveCfg = Release|Any CPU
		{F1F1E10F-665F-4A84-8B4E-96B28170FD6A}.Release|x64.Build.0 = Release|Any CPU
		{12053700-00C9-465B-8BC3-C8E3B7409064}.Debug|Any CPU.ActiveCfg = Debug|Any CPU
		{12053700-00C9-465B-8BC3-C8E3B7409064}.Debug|Any CPU.Build.0 = Debug|Any CPU
		{12053700-00C9-465B-8BC3-C8E3B7409064}.Debug|x64.ActiveCfg = Debug|Any CPU
		{12053700-00C9-465B-8BC3-C8E3B7409064}.Debug|x64.Build.0 = Debug|Any CPU
		{12053700-00C9-465B-8BC3-C8E3B7409064}.Release|Any CPU.ActiveCfg = Release|Any CPU
		{12053700-00C9-465B-8BC3-C8E3B7409064}.Release|Any CPU.Build.0 = Release|Any CPU
		{12053700-00C9-465B-8BC3-C8E3B7409064}.Release|x64.ActiveCfg = Release|Any CPU
		{12053700-00C9-465B-8BC3-C8E3B7409064}.Release|x64.Build.0 = Release|Any CPU
		{0E1F375B-1EFC-49E8-A775-2657F4FF5B39}.Debug|Any CPU.ActiveCfg = Debug|Any CPU
		{0E1F375B-1EFC-49E8-A775-2657F4FF5B39}.Debug|Any CPU.Build.0 = Debug|Any CPU
		{0E1F375B-1EFC-49E8-A775-2657F4FF5B39}.Debug|x64.ActiveCfg = Debug|Any CPU
		{0E1F375B-1EFC-49E8-A775-2657F4FF5B39}.Debug|x64.Build.0 = Debug|Any CPU
		{0E1F375B-1EFC-49E8-A775-2657F4FF5B39}.Release|Any CPU.ActiveCfg = Release|Any CPU
		{0E1F375B-1EFC-49E8-A775-2657F4FF5B39}.Release|Any CPU.Build.0 = Release|Any CPU
		{0E1F375B-1EFC-49E8-A775-2657F4FF5B39}.Release|x64.ActiveCfg = Release|Any CPU
		{0E1F375B-1EFC-49E8-A775-2657F4FF5B39}.Release|x64.Build.0 = Release|Any CPU
	EndGlobalSection
	GlobalSection(SolutionProperties) = preSolution
		HideSolutionNode = FALSE
	EndGlobalSection
	GlobalSection(ExtensibilityGlobals) = postSolution
		SolutionGuid = {3BBEF7A1-D816-4087-A992-7455E697170F}
	EndGlobalSection
EndGlobal
