
Microsoft Visual Studio Solution File, Format Version 12.00
# Visual Studio Version 17
VisualStudioVersion = 17.0.31903.59
MinimumVisualStudioVersion = 10.0.40219.1
Project("{9A19103F-16F7-4668-BE54-9A1E7A4F7556}") = "DualDrill.Server", "DualDrill.Server\DualDrill.Server.csproj", "{158B5D6E-4080-439F-AFFA-2859AC625BEA}"
EndProject
Project("{9A19103F-16F7-4668-BE54-9A1E7A4F7556}") = "DualDrill.Engine", "DualDrill.Engine\DualDrill.Engine.csproj", "{CD5B7346-7767-48CE-91C4-53FB2C063D00}"
EndProject
Project("{9A19103F-16F7-4668-BE54-9A1E7A4F7556}") = "DualDrill.Common", "DualDrill.Common\DualDrill.Common.csproj", "{8561C01E-FC29-4DE6-BA11-2552D496ECC0}"
EndProject
Project("{9A19103F-16F7-4668-BE54-9A1E7A4F7556}") = "DualDrill.Graphics", "DualDrill.Graphics\DualDrill.Graphics.csproj", "{02F0E2DB-383C-42EA-BE63-2CC582CB672E}"
EndProject
Project("{9A19103F-16F7-4668-BE54-9A1E7A4F7556}") = "DualDrill.Client.Abstraction", "DualDrill.Client.Abstraction\DualDrill.Client.Abstraction.csproj", "{8AACAB59-2E3E-4047-A0EF-5C9CD601A36F}"
EndProject
Project("{9A19103F-16F7-4668-BE54-9A1E7A4F7556}") = "DualDrill.Common.Abstraction", "DualDrill.Common.Abstraction\DualDrill.Common.Abstraction.csproj", "{F1F1E10F-665F-4A84-8B4E-96B28170FD6A}"
EndProject
Project("{9A19103F-16F7-4668-BE54-9A1E7A4F7556}") = "DualDrill.WebView", "DualDrill.WebView\DualDrill.WebView.csproj", "{12053700-00C9-465B-8BC3-C8E3B7409064}"
EndProject
Project("{9A19103F-16F7-4668-BE54-9A1E7A4F7556}") = "DualDrill.ILSL", "DualDrill.ILSL\DualDrill.ILSL.csproj", "{0E1F375B-1EFC-49E8-A775-2657F4FF5B39}"
EndProject
Project("{9A19103F-16F7-4668-BE54-9A1E7A4F7556}") = "DualDrill.ApiGen", "DualDrill.APIDefinition\DualDrill.ApiGen.csproj", "{3908EBC4-1E6C-4414-8AD9-9C4308243258}"
EndProject
Project("{9A19103F-16F7-4668-BE54-9A1E7A4F7556}") = "DualDrill.ILSL.Tests", "DualDrill.ILSL.Tests\DualDrill.ILSL.Tests.csproj", "{3FD3194C-0824-4F9A-A69C-CC57CDB137C6}"
EndProject
Project("{9A19103F-16F7-4668-BE54-9A1E7A4F7556}") = "DualDrill.Mathematics", "DualDrill.Mathematics\DualDrill.Mathematics.csproj", "{002AA154-9DB2-46F0-9F72-CB5A91E6B2F9}"
EndProject
Project("{9A19103F-16F7-4668-BE54-9A1E7A4F7556}") = "DualDrill.Mathematics.CodeGen", "DualDrill.Mathematics.CodeGen\DualDrill.Mathematics.CodeGen.csproj", "{5EC06459-51B3-48A4-BD99-A09B1E225C28}"
EndProject
Project("{9A19103F-16F7-4668-BE54-9A1E7A4F7556}") = "DualDrill.CLSL.Language", "DualDrill.CLSL.Language\DualDrill.CLSL.Language.csproj", "{A1EE58EC-8B7E-4A19-AE35-6239CC13CED2}"
EndProject
Global
	GlobalSection(SolutionConfigurationPlatforms) = preSolution
		Debug|Any CPU = Debug|Any CPU
		Debug|x64 = Debug|x64
		Release|Any CPU = Release|Any CPU
		Release|x64 = Release|x64
	EndGlobalSection
	GlobalSection(ProjectConfigurationPlatforms) = postSolution
		{158B5D6E-4080-439F-AFFA-2859AC625BEA}.Debug|Any CPU.ActiveCfg = Debug|Any CPU
		{158B5D6E-4080-439F-AFFA-2859AC625BEA}.Debug|Any CPU.Build.0 = Debug|Any CPU
		{158B5D6E-4080-439F-AFFA-2859AC625BEA}.Debug|x64.ActiveCfg = Debug|Any CPU
		{158B5D6E-4080-439F-AFFA-2859AC625BEA}.Debug|x64.Build.0 = Debug|Any CPU
		{158B5D6E-4080-439F-AFFA-2859AC625BEA}.Release|Any CPU.ActiveCfg = Release|Any CPU
		{158B5D6E-4080-439F-AFFA-2859AC625BEA}.Release|Any CPU.Build.0 = Release|Any CPU
		{158B5D6E-4080-439F-AFFA-2859AC625BEA}.Release|x64.ActiveCfg = Release|Any CPU
		{158B5D6E-4080-439F-AFFA-2859AC625BEA}.Release|x64.Build.0 = Release|Any CPU
		{CD5B7346-7767-48CE-91C4-53FB2C063D00}.Debug|Any CPU.ActiveCfg = Debug|Any CPU
		{CD5B7346-7767-48CE-91C4-53FB2C063D00}.Debug|Any CPU.Build.0 = Debug|Any CPU
		{CD5B7346-7767-48CE-91C4-53FB2C063D00}.Debug|x64.ActiveCfg = Debug|Any CPU
		{CD5B7346-7767-48CE-91C4-53FB2C063D00}.Debug|x64.Build.0 = Debug|Any CPU
		{CD5B7346-7767-48CE-91C4-53FB2C063D00}.Release|Any CPU.ActiveCfg = Release|Any CPU
		{CD5B7346-7767-48CE-91C4-53FB2C063D00}.Release|Any CPU.Build.0 = Release|Any CPU
		{CD5B7346-7767-48CE-91C4-53FB2C063D00}.Release|x64.ActiveCfg = Release|Any CPU
		{CD5B7346-7767-48CE-91C4-53FB2C063D00}.Release|x64.Build.0 = Release|Any CPU
		{8561C01E-FC29-4DE6-BA11-2552D496ECC0}.Debug|Any CPU.ActiveCfg = Debug|Any CPU
		{8561C01E-FC29-4DE6-BA11-2552D496ECC0}.Debug|Any CPU.Build.0 = Debug|Any CPU
		{8561C01E-FC29-4DE6-BA11-2552D496ECC0}.Debug|x64.ActiveCfg = Debug|Any CPU
		{8561C01E-FC29-4DE6-BA11-2552D496ECC0}.Debug|x64.Build.0 = Debug|Any CPU
		{8561C01E-FC29-4DE6-BA11-2552D496ECC0}.Release|Any CPU.ActiveCfg = Release|Any CPU
		{8561C01E-FC29-4DE6-BA11-2552D496ECC0}.Release|Any CPU.Build.0 = Release|Any CPU
		{8561C01E-FC29-4DE6-BA11-2552D496ECC0}.Release|x64.ActiveCfg = Release|Any CPU
		{8561C01E-FC29-4DE6-BA11-2552D496ECC0}.Release|x64.Build.0 = Release|Any CPU
		{02F0E2DB-383C-42EA-BE63-2CC582CB672E}.Debug|Any CPU.ActiveCfg = Debug|Any CPU
		{02F0E2DB-383C-42EA-BE63-2CC582CB672E}.Debug|Any CPU.Build.0 = Debug|Any CPU
		{02F0E2DB-383C-42EA-BE63-2CC582CB672E}.Debug|x64.ActiveCfg = Debug|Any CPU
		{02F0E2DB-383C-42EA-BE63-2CC582CB672E}.Debug|x64.Build.0 = Debug|Any CPU
		{02F0E2DB-383C-42EA-BE63-2CC582CB672E}.Release|Any CPU.ActiveCfg = Release|Any CPU
		{02F0E2DB-383C-42EA-BE63-2CC582CB672E}.Release|Any CPU.Build.0 = Release|Any CPU
		{02F0E2DB-383C-42EA-BE63-2CC582CB672E}.Release|x64.ActiveCfg = Release|Any CPU
		{02F0E2DB-383C-42EA-BE63-2CC582CB672E}.Release|x64.Build.0 = Release|Any CPU
		{8AACAB59-2E3E-4047-A0EF-5C9CD601A36F}.Debug|Any CPU.ActiveCfg = Debug|Any CPU
		{8AACAB59-2E3E-4047-A0EF-5C9CD601A36F}.Debug|Any CPU.Build.0 = Debug|Any CPU
		{8AACAB59-2E3E-4047-A0EF-5C9CD601A36F}.Debug|x64.ActiveCfg = Debug|Any CPU
		{8AACAB59-2E3E-4047-A0EF-5C9CD601A36F}.Debug|x64.Build.0 = Debug|Any CPU
		{8AACAB59-2E3E-4047-A0EF-5C9CD601A36F}.Release|Any CPU.ActiveCfg = Release|Any CPU
		{8AACAB59-2E3E-4047-A0EF-5C9CD601A36F}.Release|Any CPU.Build.0 = Release|Any CPU
		{8AACAB59-2E3E-4047-A0EF-5C9CD601A36F}.Release|x64.ActiveCfg = Release|Any CPU
		{8AACAB59-2E3E-4047-A0EF-5C9CD601A36F}.Release|x64.Build.0 = Release|Any CPU
		{F1F1E10F-665F-4A84-8B4E-96B28170FD6A}.Debug|Any CPU.ActiveCfg = Debug|Any CPU
		{F1F1E10F-665F-4A84-8B4E-96B28170FD6A}.Debug|Any CPU.Build.0 = Debug|Any CPU
		{F1F1E10F-665F-4A84-8B4E-96B28170FD6A}.Debug|x64.ActiveCfg = Debug|Any CPU
		{F1F1E10F-665F-4A84-8B4E-96B28170FD6A}.Debug|x64.Build.0 = Debug|Any CPU
		{F1F1E10F-665F-4A84-8B4E-96B28170FD6A}.Release|Any CPU.ActiveCfg = Release|Any CPU
		{F1F1E10F-665F-4A84-8B4E-96B28170FD6A}.Release|Any CPU.Build.0 = Release|Any CPU
		{F1F1E10F-665F-4A84-8B4E-96B28170FD6A}.Release|x64.ActiveCfg = Release|Any CPU
		{F1F1E10F-665F-4A84-8B4E-96B28170FD6A}.Release|x64.Build.0 = Release|Any CPU
		{12053700-00C9-465B-8BC3-C8E3B7409064}.Debug|Any CPU.ActiveCfg = Debug|Any CPU
		{12053700-00C9-465B-8BC3-C8E3B7409064}.Debug|Any CPU.Build.0 = Debug|Any CPU
		{12053700-00C9-465B-8BC3-C8E3B7409064}.Debug|x64.ActiveCfg = Debug|Any CPU
		{12053700-00C9-465B-8BC3-C8E3B7409064}.Debug|x64.Build.0 = Debug|Any CPU
		{12053700-00C9-465B-8BC3-C8E3B7409064}.Release|Any CPU.ActiveCfg = Release|Any CPU
		{12053700-00C9-465B-8BC3-C8E3B7409064}.Release|Any CPU.Build.0 = Release|Any CPU
		{12053700-00C9-465B-8BC3-C8E3B7409064}.Release|x64.ActiveCfg = Release|Any CPU
		{12053700-00C9-465B-8BC3-C8E3B7409064}.Release|x64.Build.0 = Release|Any CPU
		{0E1F375B-1EFC-49E8-A775-2657F4FF5B39}.Debug|Any CPU.ActiveCfg = Debug|Any CPU
		{0E1F375B-1EFC-49E8-A775-2657F4FF5B39}.Debug|Any CPU.Build.0 = Debug|Any CPU
		{0E1F375B-1EFC-49E8-A775-2657F4FF5B39}.Debug|x64.ActiveCfg = Debug|Any CPU
		{0E1F375B-1EFC-49E8-A775-2657F4FF5B39}.Debug|x64.Build.0 = Debug|Any CPU
		{0E1F375B-1EFC-49E8-A775-2657F4FF5B39}.Release|Any CPU.ActiveCfg = Release|Any CPU
		{0E1F375B-1EFC-49E8-A775-2657F4FF5B39}.Release|Any CPU.Build.0 = Release|Any CPU
		{0E1F375B-1EFC-49E8-A775-2657F4FF5B39}.Release|x64.ActiveCfg = Release|Any CPU
		{0E1F375B-1EFC-49E8-A775-2657F4FF5B39}.Release|x64.Build.0 = Release|Any CPU
		{3908EBC4-1E6C-4414-8AD9-9C4308243258}.Debug|Any CPU.ActiveCfg = Debug|Any CPU
		{3908EBC4-1E6C-4414-8AD9-9C4308243258}.Debug|Any CPU.Build.0 = Debug|Any CPU
		{3908EBC4-1E6C-4414-8AD9-9C4308243258}.Debug|x64.ActiveCfg = Debug|Any CPU
		{3908EBC4-1E6C-4414-8AD9-9C4308243258}.Debug|x64.Build.0 = Debug|Any CPU
		{3908EBC4-1E6C-4414-8AD9-9C4308243258}.Release|Any CPU.ActiveCfg = Release|Any CPU
		{3908EBC4-1E6C-4414-8AD9-9C4308243258}.Release|Any CPU.Build.0 = Release|Any CPU
		{3908EBC4-1E6C-4414-8AD9-9C4308243258}.Release|x64.ActiveCfg = Release|Any CPU
		{3908EBC4-1E6C-4414-8AD9-9C4308243258}.Release|x64.Build.0 = Release|Any CPU
		{3FD3194C-0824-4F9A-A69C-CC57CDB137C6}.Debug|Any CPU.ActiveCfg = Debug|Any CPU
		{3FD3194C-0824-4F9A-A69C-CC57CDB137C6}.Debug|Any CPU.Build.0 = Debug|Any CPU
		{3FD3194C-0824-4F9A-A69C-CC57CDB137C6}.Debug|x64.ActiveCfg = Debug|Any CPU
		{3FD3194C-0824-4F9A-A69C-CC57CDB137C6}.Debug|x64.Build.0 = Debug|Any CPU
		{3FD3194C-0824-4F9A-A69C-CC57CDB137C6}.Release|Any CPU.ActiveCfg = Release|Any CPU
		{3FD3194C-0824-4F9A-A69C-CC57CDB137C6}.Release|Any CPU.Build.0 = Release|Any CPU
		{3FD3194C-0824-4F9A-A69C-CC57CDB137C6}.Release|x64.ActiveCfg = Release|Any CPU
		{3FD3194C-0824-4F9A-A69C-CC57CDB137C6}.Release|x64.Build.0 = Release|Any CPU
		{002AA154-9DB2-46F0-9F72-CB5A91E6B2F9}.Debug|Any CPU.ActiveCfg = Debug|Any CPU
		{002AA154-9DB2-46F0-9F72-CB5A91E6B2F9}.Debug|Any CPU.Build.0 = Debug|Any CPU
		{002AA154-9DB2-46F0-9F72-CB5A91E6B2F9}.Debug|x64.ActiveCfg = Debug|Any CPU
		{002AA154-9DB2-46F0-9F72-CB5A91E6B2F9}.Debug|x64.Build.0 = Debug|Any CPU
		{002AA154-9DB2-46F0-9F72-CB5A91E6B2F9}.Release|Any CPU.ActiveCfg = Release|Any CPU
		{002AA154-9DB2-46F0-9F72-CB5A91E6B2F9}.Release|Any CPU.Build.0 = Release|Any CPU
		{002AA154-9DB2-46F0-9F72-CB5A91E6B2F9}.Release|x64.ActiveCfg = Release|Any CPU
		{002AA154-9DB2-46F0-9F72-CB5A91E6B2F9}.Release|x64.Build.0 = Release|Any CPU
		{5EC06459-51B3-48A4-BD99-A09B1E225C28}.Debug|Any CPU.ActiveCfg = Debug|Any CPU
		{5EC06459-51B3-48A4-BD99-A09B1E225C28}.Debug|Any CPU.Build.0 = Debug|Any CPU
		{5EC06459-51B3-48A4-BD99-A09B1E225C28}.Debug|x64.ActiveCfg = Debug|Any CPU
		{5EC06459-51B3-48A4-BD99-A09B1E225C28}.Debug|x64.Build.0 = Debug|Any CPU
		{5EC06459-51B3-48A4-BD99-A09B1E225C28}.Release|Any CPU.ActiveCfg = Release|Any CPU
		{5EC06459-51B3-48A4-BD99-A09B1E225C28}.Release|Any CPU.Build.0 = Release|Any CPU
		{5EC06459-51B3-48A4-BD99-A09B1E225C28}.Release|x64.ActiveCfg = Release|Any CPU
		{5EC06459-51B3-48A4-BD99-A09B1E225C28}.Release|x64.Build.0 = Release|Any CPU
		{A1EE58EC-8B7E-4A19-AE35-6239CC13CED2}.Debug|Any CPU.ActiveCfg = Debug|Any CPU
		{A1EE58EC-8B7E-4A19-AE35-6239CC13CED2}.Debug|Any CPU.Build.0 = Debug|Any CPU
		{A1EE58EC-8B7E-4A19-AE35-6239CC13CED2}.Debug|x64.ActiveCfg = Debug|Any CPU
		{A1EE58EC-8B7E-4A19-AE35-6239CC13CED2}.Debug|x64.Build.0 = Debug|Any CPU
		{A1EE58EC-8B7E-4A19-AE35-6239CC13CED2}.Release|Any CPU.ActiveCfg = Release|Any CPU
		{A1EE58EC-8B7E-4A19-AE35-6239CC13CED2}.Release|Any CPU.Build.0 = Release|Any CPU
		{A1EE58EC-8B7E-4A19-AE35-6239CC13CED2}.Release|x64.ActiveCfg = Release|Any CPU
		{A1EE58EC-8B7E-4A19-AE35-6239CC13CED2}.Release|x64.Build.0 = Release|Any CPU
	EndGlobalSection
	GlobalSection(SolutionProperties) = preSolution
		HideSolutionNode = FALSE
	EndGlobalSection
	GlobalSection(ExtensibilityGlobals) = postSolution
		SolutionGuid = {3BBEF7A1-D816-4087-A992-7455E697170F}
	EndGlobalSection
EndGlobal
